
Microsoft Visual Studio Solution File, Format Version 12.00
# Visual Studio 15
VisualStudioVersion = 15.0.27703.2000
MinimumVisualStudioVersion = 10.0.40219.1
Project("{FAE04EC0-301F-11D3-BF4B-00C04F79EFBC}") = "AnalyzerPlayground", "AnalyzerPlayground\AnalyzerPlayground\AnalyzerPlayground.csproj", "{9FAD9AAE-4848-429F-A740-00324D4273B3}"
EndProject
Project("{FAE04EC0-301F-11D3-BF4B-00C04F79EFBC}") = "AnalyzerPlayground.Test", "AnalyzerPlayground\AnalyzerPlayground.Test\AnalyzerPlayground.Test.csproj", "{86F71625-903C-490E-8F84-1E7F89E8C556}"
EndProject
Project("{FAE04EC0-301F-11D3-BF4B-00C04F79EFBC}") = "AnalyzerPlayground.Vsix", "AnalyzerPlayground\AnalyzerPlayground.Vsix\AnalyzerPlayground.Vsix.csproj", "{B4366371-428F-4064-A4FF-5190A63870F9}"
EndProject
Global
	GlobalSection(SolutionConfigurationPlatforms) = preSolution
		Debug|Any CPU = Debug|Any CPU
		Release|Any CPU = Release|Any CPU
	EndGlobalSection
	GlobalSection(ProjectConfigurationPlatforms) = postSolution
		{9FAD9AAE-4848-429F-A740-00324D4273B3}.Debug|Any CPU.ActiveCfg = Debug|Any CPU
		{9FAD9AAE-4848-429F-A740-00324D4273B3}.Debug|Any CPU.Build.0 = Debug|Any CPU
		{9FAD9AAE-4848-429F-A740-00324D4273B3}.Release|Any CPU.ActiveCfg = Release|Any CPU
		{9FAD9AAE-4848-429F-A740-00324D4273B3}.Release|Any CPU.Build.0 = Release|Any CPU
		{86F71625-903C-490E-8F84-1E7F89E8C556}.Debug|Any CPU.ActiveCfg = Debug|Any CPU
		{86F71625-903C-490E-8F84-1E7F89E8C556}.Debug|Any CPU.Build.0 = Debug|Any CPU
		{86F71625-903C-490E-8F84-1E7F89E8C556}.Release|Any CPU.ActiveCfg = Release|Any CPU
		{86F71625-903C-490E-8F84-1E7F89E8C556}.Release|Any CPU.Build.0 = Release|Any CPU
		{B4366371-428F-4064-A4FF-5190A63870F9}.Debug|Any CPU.ActiveCfg = Debug|Any CPU
		{B4366371-428F-4064-A4FF-5190A63870F9}.Debug|Any CPU.Build.0 = Debug|Any CPU
		{B4366371-428F-4064-A4FF-5190A63870F9}.Release|Any CPU.ActiveCfg = Release|Any CPU
		{B4366371-428F-4064-A4FF-5190A63870F9}.Release|Any CPU.Build.0 = Release|Any CPU
	EndGlobalSection
	GlobalSection(SolutionProperties) = preSolution
		HideSolutionNode = FALSE
	EndGlobalSection
	GlobalSection(ExtensibilityGlobals) = postSolution
		SolutionGuid = {21023A89-9D8F-42DE-9FE5-B094A2DD3424}
	EndGlobalSection
EndGlobal
